
Microsoft Visual Studio Solution File, Format Version 12.00
# Visual Studio Version 16
VisualStudioVersion = 16.0.30503.244
MinimumVisualStudioVersion = 10.0.40219.1
Project("{8BC9CEB8-8B4A-11D0-8D11-00A0C91BC942}") = "WinHttpGet", "WinHttpGet\WinHttpGet.vcxproj", "{6D975687-B731-4F0F-B98F-E910F0081F59}"
EndProject
Global
	GlobalSection(SolutionConfigurationPlatforms) = preSolution
		Debug|Any CPU = Debug|Any CPU
		Debug|x64 = Debug|x64
		Debug|x86 = Debug|x86
		Release|Any CPU = Release|Any CPU
		Release|x64 = Release|x64
		Release|x86 = Release|x86
	EndGlobalSection
	GlobalSection(ProjectConfigurationPlatforms) = postSolution
		{6D975687-B731-4F0F-B98F-E910F0081F59}.Debug|Any CPU.ActiveCfg = Debug|Win32
		{6D975687-B731-4F0F-B98F-E910F0081F59}.Debug|x64.ActiveCfg = Debug|x64
		{6D975687-B731-4F0F-B98F-E910F0081F59}.Debug|x64.Build.0 = Debug|x64
		{6D975687-B731-4F0F-B98F-E910F0081F59}.Debug|x86.ActiveCfg = Debug|Win32
		{6D975687-B731-4F0F-B98F-E910F0081F59}.Debug|x86.Build.0 = Debug|Win32
		{6D975687-B731-4F0F-B98F-E910F0081F59}.Release|Any CPU.ActiveCfg = Release|Win32
		{6D975687-B731-4F0F-B98F-E910F0081F59}.Release|x64.ActiveCfg = Release|x64
		{6D975687-B731-4F0F-B98F-E910F0081F59}.Release|x64.Build.0 = Release|x64
		{6D975687-B731-4F0F-B98F-E910F0081F59}.Release|x86.ActiveCfg = Release|Win32
		{6D975687-B731-4F0F-B98F-E910F0081F59}.Release|x86.Build.0 = Release|Win32
	EndGlobalSection
	GlobalSection(SolutionProperties) = preSolution
		HideSolutionNode = FALSE
	EndGlobalSection
	GlobalSection(ExtensibilityGlobals) = postSolution
		SolutionGuid = {63804D02-8DD8-403B-8F6C-1BAA415C8723}
	EndGlobalSection
EndGlobal
