
Microsoft Visual Studio Solution File, Format Version 12.00
# Visual Studio 15
VisualStudioVersion = 15.0.27130.2027
MinimumVisualStudioVersion = 10.0.40219.1
Project("{FAE04EC0-301F-11D3-BF4B-00C04F79EFBC}") = "RestWebApp", "RestWebApp\RestWebApp.csproj", "{14F177C7-1F4B-4640-BAB3-4D706086FC47}"
EndProject
Global
	GlobalSection(SolutionConfigurationPlatforms) = preSolution
		Debug|Any CPU = Debug|Any CPU
		Release|Any CPU = Release|Any CPU
	EndGlobalSection
	GlobalSection(ProjectConfigurationPlatforms) = postSolution
		{14F177C7-1F4B-4640-BAB3-4D706086FC47}.Debug|Any CPU.ActiveCfg = Debug|Any CPU
		{14F177C7-1F4B-4640-BAB3-4D706086FC47}.Debug|Any CPU.Build.0 = Debug|Any CPU
		{14F177C7-1F4B-4640-BAB3-4D706086FC47}.Release|Any CPU.ActiveCfg = Release|Any CPU
		{14F177C7-1F4B-4640-BAB3-4D706086FC47}.Release|Any CPU.Build.0 = Release|Any CPU
	EndGlobalSection
	GlobalSection(SolutionProperties) = preSolution
		HideSolutionNode = FALSE
	EndGlobalSection
	GlobalSection(ExtensibilityGlobals) = postSolution
		SolutionGuid = {C85217A9-FCD3-46B0-A08D-3A117B83DF6F}
	EndGlobalSection
EndGlobal
